
Microsoft Visual Studio Solution File, Format Version 12.00
# Visual Studio Version 17
VisualStudioVersion = 17.11.35327.3
MinimumVisualStudioVersion = 10.0.40219.1
Project("{FAE04EC0-301F-11D3-BF4B-00C04F79EFBC}") = "CarRentalManagement", "CarRentalManagement\CarRentalManagement.csproj", "{9E39E1D5-90E7-4230-A0C9-00F624630B5C}"
EndProject
Global
	GlobalSection(SolutionConfigurationPlatforms) = preSolution
		Debug|Any CPU = Debug|Any CPU
		Release|Any CPU = Release|Any CPU
	EndGlobalSection
	GlobalSection(ProjectConfigurationPlatforms) = postSolution
		{9E39E1D5-90E7-4230-A0C9-00F624630B5C}.Debug|Any CPU.ActiveCfg = Debug|Any CPU
		{9E39E1D5-90E7-4230-A0C9-00F624630B5C}.Debug|Any CPU.Build.0 = Debug|Any CPU
		{9E39E1D5-90E7-4230-A0C9-00F624630B5C}.Release|Any CPU.ActiveCfg = Release|Any CPU
		{9E39E1D5-90E7-4230-A0C9-00F624630B5C}.Release|Any CPU.Build.0 = Release|Any CPU
	EndGlobalSection
	GlobalSection(SolutionProperties) = preSolution
		HideSolutionNode = FALSE
	EndGlobalSection
	GlobalSection(ExtensibilityGlobals) = postSolution
		SolutionGuid = {5A999272-F96A-4FB9-8978-077878B0769C}
	EndGlobalSection
EndGlobal
